github.com/ajg/form v1.5.1 h1:t9c7v8JUKu/XxOGBU0yjNpaMloxGEJhUkqFRq0ibGeU=
github.com/ajg/form v1.5.1/go.mod h1:uL1WgH+h2mgNtvBq0339dVnzXdBETtL2LeUXaIv25UY=
github.com/f5aaff/spotify-wrappinator/agent v0.0.0-20240404184719-3ee0e6fcba84 h1:4fBcJH+xWHS3kqbnZhlvzT2aeLVe4J6APmBLGDn0kl8=
github.com/f5aaff/spotify-wrappinator/agent v0.0.0-20240404184719-3ee0e6fcba84/go.mod h1:zUrls52a1Ds8iCtVNJDQK3bf2RUmbgWcZQ1/xJY1uYk=
github.com/f5aaff/spotify-wrappinator/auth v0.0.0-20240404184719-3ee0e6fcba84 h1:v0Dj+Kf2qzb/kx5x14qngyUd/QShOW1du5AUyFBwZSY=
github.com/f5aaff/spotify-wrappinator/auth v0.0.0-20240404184719-3ee0e6fcba84/go.mod h1:FtSr1qVbmzOdaR4L/BuHTwzA8C0KRbVruho2M8KqXiA=
github.com/f5aaff/spotify-wrappinator/device v0.0.0-20240404184719-3ee0e6fcba84 h1:rkIsuwhBUrVD/JfoXIU047zEWjdEzJyTCUF1jwDatlA=
github.com/f5aaff/spotify-wrappinator/device v0.0.0-20240404184719-3ee0e6fcba84/go.mod h1:KrdNNXv46+7c/CWk1/Dx/11BZPDH35gFJ0A0vwH+vCw=
github.com/f5aaff/spotify-wrappinator/recommendations v0.0.0-20240404184719-3ee0e6fcba84 h1:6jIERnDeS2vsq5TBS75IqVc5inm9LvrJIQv8HrL9rj4=
github.com/f5aaff/spotify-wrappinator/recommendations v0.0.0-20240404184719-3ee0e6fcba84/go.mod h1:ZS85FIj49WmgvPjrPaFQd3xeRLDFfhQghpTcmVBm/jU=
github.com/f5aaff/spotify-wrappinator/requests v0.0.0-20240404184719-3ee0e6fcba84 h1:Yuh/JxBR+wEogzNBNO9HJhvYsHMitqXU7yFDWsa4iBk=
github.com/f5aaff/spotify-wrappinator/requests v0.0.0-20240404184719-3ee0e6fcba84/go.mod h1:GkVIKajFvK6mTYDAM7IrRplayRvMUH4tS+WN8qzgd4c=
github.com/f5aaff/spotify-wrappinator/search v0.0.0-20240404184719-3ee0e6fcba84 h1:uUaEw8itXrRxfpg8lKG9QTHjMdWfKNAFbOkM78AmMmk=
github.com/f5aaff/spotify-wrappinator/search v0.0.0-20240404184719-3ee0e6fcba84/go.mod h1:+Ofk4wF9CJzr4uDA2zkxw4GOUwGT+NCF1VrSYpgLJMA=
github.com/go-chi/chi/v5 v5.0.12 h1:9euLV5sTrTNTRUU9POmDUvfxyj6LAABLUcEWO+JJb4s=
github.com/go-chi/chi/v5 v5.0.12/go.mod h1:DslCQbL2OYiznFReuXYUmQ2hGd1aDpCnlMNITLSKoi8=
github.com/go-chi/cors v1.2.1 h1:xEC8UT3Rlp2QuWNEr4Fs/c2EAGVKBwy/1vHx3bppil4=
github.com/go-chi/cors v1.2.1/go.mod h1:sSbTewc+6wYHBBCW7ytsFSn836hqM7JxpglAy2Vzc58=
github.com/go-chi/render v1.0.3 h1:AsXqd2a1/INaIfUSKq3G5uA8weYx20FOsM7uSoCyyt4=
github.com/go-chi/render v1.0.3/go.mod h1:/gr3hVkmYR0YlEy3LxCuVRFzEu9Ruok+gFqbIofjao0=
github.com/google/go-cmp v0.5.9 h1:O2Tfq5qg4qc4AmwVlvv0oLiVAGB7enBSJ2x2DqQFi38=
github.com/joho/godotenv v1.5.1 h1:7eLL/+HRGLY0ldzfGMeQkb7vMd0as4CfYvUVzLqw0N0=
github.com/joho/godotenv v1.5.1/go.mod h1:f4LDr5Voq0i2e/R5DDNOoa2zzDfwtkZa6DnEwAbqwq4=
golang.org/x/oauth2 v0.19.0 h1:9+E/EZBCbTLNrbN35fHv/a/d/mOBatymz1zbtQrXpIg=
golang.org/x/oauth2 v0.19.0/go.mod h1:vYi7skDa1x015PmRRYZ7+s1cWyPgrPiSYRe4rnsexc8=
